
Microsoft Visual Studio Solution File, Format Version 12.00
# Visual Studio Version 16
VisualStudioVersion = 16.0.29102.190
MinimumVisualStudioVersion = 10.0.40219.1
Project("{FAE04EC0-301F-11D3-BF4B-00C04F79EFBC}") = "Cake.AsciiDoctorJ", "Cake.AsciiDoctorJ\Cake.AsciiDoctorJ.csproj", "{5B65B4ED-0902-48A4-8FF6-C3E6D0954BC6}"
EndProject
Global
	GlobalSection(SolutionConfigurationPlatforms) = preSolution
		Debug|Any CPU = Debug|Any CPU
		Release|Any CPU = Release|Any CPU
	EndGlobalSection
	GlobalSection(ProjectConfigurationPlatforms) = postSolution
		{5B65B4ED-0902-48A4-8FF6-C3E6D0954BC6}.Debug|Any CPU.ActiveCfg = Debug|Any CPU
		{5B65B4ED-0902-48A4-8FF6-C3E6D0954BC6}.Debug|Any CPU.Build.0 = Debug|Any CPU
		{5B65B4ED-0902-48A4-8FF6-C3E6D0954BC6}.Release|Any CPU.ActiveCfg = Release|Any CPU
		{5B65B4ED-0902-48A4-8FF6-C3E6D0954BC6}.Release|Any CPU.Build.0 = Release|Any CPU
	EndGlobalSection
	GlobalSection(SolutionProperties) = preSolution
		HideSolutionNode = FALSE
	EndGlobalSection
	GlobalSection(ExtensibilityGlobals) = postSolution
		SolutionGuid = {E5328D05-8D19-4D0D-B440-17BA1A2DD9DD}
	EndGlobalSection
EndGlobal
